
Microsoft Visual Studio Solution File, Format Version 12.00
# Visual Studio Version 16
VisualStudioVersion = 16.0.32002.261
MinimumVisualStudioVersion = 10.0.40219.1
Project("{FAE04EC0-301F-11D3-BF4B-00C04F79EFBC}") = "prakt_work_4", "prakt_work_4\prakt_work_4.csproj", "{34ED7DE2-D308-4E45-8FC1-296774172ABD}"
EndProject
Global
	GlobalSection(SolutionConfigurationPlatforms) = preSolution
		Debug|Any CPU = Debug|Any CPU
		Release|Any CPU = Release|Any CPU
	EndGlobalSection
	GlobalSection(ProjectConfigurationPlatforms) = postSolution
		{34ED7DE2-D308-4E45-8FC1-296774172ABD}.Debug|Any CPU.ActiveCfg = Debug|Any CPU
		{34ED7DE2-D308-4E45-8FC1-296774172ABD}.Debug|Any CPU.Build.0 = Debug|Any CPU
		{34ED7DE2-D308-4E45-8FC1-296774172ABD}.Release|Any CPU.ActiveCfg = Release|Any CPU
		{34ED7DE2-D308-4E45-8FC1-296774172ABD}.Release|Any CPU.Build.0 = Release|Any CPU
	EndGlobalSection
	GlobalSection(SolutionProperties) = preSolution
		HideSolutionNode = FALSE
	EndGlobalSection
	GlobalSection(ExtensibilityGlobals) = postSolution
		SolutionGuid = {032C9442-1672-4284-A68B-DCFE362B7CCA}
	EndGlobalSection
EndGlobal
