
Microsoft Visual Studio Solution File, Format Version 12.00
# Visual Studio Version 16
VisualStudioVersion = 16.0.32002.261
MinimumVisualStudioVersion = 10.0.40219.1
Project("{8BC9CEB8-8B4A-11D0-8D11-00A0C91BC942}") = "siaod_lab_6", "siaod_lab_6.vcxproj", "{C0E80DB1-F6E5-44D8-B6B7-EB3392528F45}"
EndProject
Global
	GlobalSection(SolutionConfigurationPlatforms) = preSolution
		Debug|x64 = Debug|x64
		Debug|x86 = Debug|x86
		Release|x64 = Release|x64
		Release|x86 = Release|x86
	EndGlobalSection
	GlobalSection(ProjectConfigurationPlatforms) = postSolution
		{C0E80DB1-F6E5-44D8-B6B7-EB3392528F45}.Debug|x64.ActiveCfg = Debug|x64
		{C0E80DB1-F6E5-44D8-B6B7-EB3392528F45}.Debug|x64.Build.0 = Debug|x64
		{C0E80DB1-F6E5-44D8-B6B7-EB3392528F45}.Debug|x86.ActiveCfg = Debug|Win32
		{C0E80DB1-F6E5-44D8-B6B7-EB3392528F45}.Debug|x86.Build.0 = Debug|Win32
		{C0E80DB1-F6E5-44D8-B6B7-EB3392528F45}.Release|x64.ActiveCfg = Release|x64
		{C0E80DB1-F6E5-44D8-B6B7-EB3392528F45}.Release|x64.Build.0 = Release|x64
		{C0E80DB1-F6E5-44D8-B6B7-EB3392528F45}.Release|x86.ActiveCfg = Release|Win32
		{C0E80DB1-F6E5-44D8-B6B7-EB3392528F45}.Release|x86.Build.0 = Release|Win32
	EndGlobalSection
	GlobalSection(SolutionProperties) = preSolution
		HideSolutionNode = FALSE
	EndGlobalSection
	GlobalSection(ExtensibilityGlobals) = postSolution
		SolutionGuid = {CC11F115-B41C-42CC-8CD7-0B6BA9A3F204}
	EndGlobalSection
EndGlobal
