
Microsoft Visual Studio Solution File, Format Version 12.00
# Visual Studio Version 16
VisualStudioVersion = 16.0.32002.261
MinimumVisualStudioVersion = 10.0.40219.1
Project("{8BC9CEB8-8B4A-11D0-8D11-00A0C91BC942}") = "bsuir_ootpisp_kr", "bsuir_ootpisp_kr.vcxproj", "{56331658-CD0E-431F-9F88-F79AF8DBC20A}"
EndProject
Global
	GlobalSection(SolutionConfigurationPlatforms) = preSolution
		Debug|x64 = Debug|x64
		Debug|x86 = Debug|x86
		Release|x64 = Release|x64
		Release|x86 = Release|x86
	EndGlobalSection
	GlobalSection(ProjectConfigurationPlatforms) = postSolution
		{56331658-CD0E-431F-9F88-F79AF8DBC20A}.Debug|x64.ActiveCfg = Debug|x64
		{56331658-CD0E-431F-9F88-F79AF8DBC20A}.Debug|x64.Build.0 = Debug|x64
		{56331658-CD0E-431F-9F88-F79AF8DBC20A}.Debug|x86.ActiveCfg = Debug|Win32
		{56331658-CD0E-431F-9F88-F79AF8DBC20A}.Debug|x86.Build.0 = Debug|Win32
		{56331658-CD0E-431F-9F88-F79AF8DBC20A}.Release|x64.ActiveCfg = Release|x64
		{56331658-CD0E-431F-9F88-F79AF8DBC20A}.Release|x64.Build.0 = Release|x64
		{56331658-CD0E-431F-9F88-F79AF8DBC20A}.Release|x86.ActiveCfg = Release|Win32
		{56331658-CD0E-431F-9F88-F79AF8DBC20A}.Release|x86.Build.0 = Release|Win32
	EndGlobalSection
	GlobalSection(SolutionProperties) = preSolution
		HideSolutionNode = FALSE
	EndGlobalSection
	GlobalSection(ExtensibilityGlobals) = postSolution
		SolutionGuid = {E7E95140-C492-4533-B384-836F2C256F4A}
	EndGlobalSection
EndGlobal
